{
  "requires": true,
  "lockfileVersion": 1,
  "dependencies": {
    "react-icons": {
      "version": "5.0.0",
      "resolved": "https://registry.npmjs.org/react-icons/-/react-icons-5.0.0.tgz",
      "integrity": "sha512-8gBBjYRrO14BU9RuMEVptG5aB1gwNPAAgsKOuPggx2hg332pTky/r8FidEJW95cL6IG2mYCEHaYuAxw74wLefw=="
    }
  }
}
